{
  "name": "hw_platforms_library-nodejs",
  "version": "1.0.0",
  "lockfileVersion": 1,
  "requires": true,
  "dependencies": {
    "@samoylovxo/hw_platforms_library": {
      "version": "1.0.0",
      "resolved": "https://npm.pkg.github.com/download/@samoylovxo/hw_platforms_library/1.0.0/24f8d7baf9b193b4db06e92cab583f1f9b2bd978c7f64fb8e0ed44469d22022c",
      "integrity": "sha512-PBc50+w9EEOiQ6pSzNEKZ8cf5khFG0z1XHQJNPeORY+0bgi8ibqEpMGi6OaRqnD6M8zZDBudeb3zRN4yJ5M5eg=="
    }
  }
}
